
Microsoft Visual Studio Solution File, Format Version 12.00
# Visual Studio Version 17
VisualStudioVersion = 17.3.32922.545
MinimumVisualStudioVersion = 10.0.40219.1
Project("{FAE04EC0-301F-11D3-BF4B-00C04F79EFBC}") = "EmployeePayroll", "EmployeePayroll.csproj", "{999D1F35-7657-46E0-BA02-5432D91F6E9E}"
EndProject
Project("{FAE04EC0-301F-11D3-BF4B-00C04F79EFBC}") = "BusinessLayer", "..\BusinessLayer\BusinessLayer.csproj", "{D84AAFF2-756D-41F8-A60A-4CD1BED53C97}"
EndProject
Project("{FAE04EC0-301F-11D3-BF4B-00C04F79EFBC}") = "CommonLayer", "..\CommonLayer\CommonLayer.csproj", "{00F3542D-CE00-4F42-BFDC-4CBA781B39A2}"
EndProject
Project("{FAE04EC0-301F-11D3-BF4B-00C04F79EFBC}") = "RepositoryLayer", "..\RepositoryLayer\RepositoryLayer.csproj", "{868D2A5D-7EB0-4EDA-AC2F-8214A91654AE}"
EndProject
Global
	GlobalSection(SolutionConfigurationPlatforms) = preSolution
		Debug|Any CPU = Debug|Any CPU
		Release|Any CPU = Release|Any CPU
	EndGlobalSection
	GlobalSection(ProjectConfigurationPlatforms) = postSolution
		{999D1F35-7657-46E0-BA02-5432D91F6E9E}.Debug|Any CPU.ActiveCfg = Debug|Any CPU
		{999D1F35-7657-46E0-BA02-5432D91F6E9E}.Debug|Any CPU.Build.0 = Debug|Any CPU
		{999D1F35-7657-46E0-BA02-5432D91F6E9E}.Release|Any CPU.ActiveCfg = Release|Any CPU
		{999D1F35-7657-46E0-BA02-5432D91F6E9E}.Release|Any CPU.Build.0 = Release|Any CPU
		{D84AAFF2-756D-41F8-A60A-4CD1BED53C97}.Debug|Any CPU.ActiveCfg = Debug|Any CPU
		{D84AAFF2-756D-41F8-A60A-4CD1BED53C97}.Debug|Any CPU.Build.0 = Debug|Any CPU
		{D84AAFF2-756D-41F8-A60A-4CD1BED53C97}.Release|Any CPU.ActiveCfg = Release|Any CPU
		{D84AAFF2-756D-41F8-A60A-4CD1BED53C97}.Release|Any CPU.Build.0 = Release|Any CPU
		{00F3542D-CE00-4F42-BFDC-4CBA781B39A2}.Debug|Any CPU.ActiveCfg = Debug|Any CPU
		{00F3542D-CE00-4F42-BFDC-4CBA781B39A2}.Debug|Any CPU.Build.0 = Debug|Any CPU
		{00F3542D-CE00-4F42-BFDC-4CBA781B39A2}.Release|Any CPU.ActiveCfg = Release|Any CPU
		{00F3542D-CE00-4F42-BFDC-4CBA781B39A2}.Release|Any CPU.Build.0 = Release|Any CPU
		{868D2A5D-7EB0-4EDA-AC2F-8214A91654AE}.Debug|Any CPU.ActiveCfg = Debug|Any CPU
		{868D2A5D-7EB0-4EDA-AC2F-8214A91654AE}.Debug|Any CPU.Build.0 = Debug|Any CPU
		{868D2A5D-7EB0-4EDA-AC2F-8214A91654AE}.Release|Any CPU.ActiveCfg = Release|Any CPU
		{868D2A5D-7EB0-4EDA-AC2F-8214A91654AE}.Release|Any CPU.Build.0 = Release|Any CPU
	EndGlobalSection
	GlobalSection(SolutionProperties) = preSolution
		HideSolutionNode = FALSE
	EndGlobalSection
	GlobalSection(ExtensibilityGlobals) = postSolution
		SolutionGuid = {A700F3C6-2CDE-48CE-A8E4-7AE062DDD939}
	EndGlobalSection
EndGlobal
